// !$*UTF8*$!
{
	archiveVersion = 1;
	classes = {
	};
	objectVersion = 56;
	objects = {

/* Begin PBXBuildFile section */
		5349786F2AAA1D3D006D43F9 /* AppDelegate.swift in Sources */ = {isa = PBXBuildFile; fileRef = 5349786E2AAA1D3D006D43F9 /* AppDelegate.swift */; };
		534978712AAA1D3D006D43F9 /* SceneDelegate.swift in Sources */ = {isa = PBXBuildFile; fileRef = 534978702AAA1D3D006D43F9 /* SceneDelegate.swift */; };
		534978732AAA1D3D006D43F9 /* ViewController.swift in Sources */ = {isa = PBXBuildFile; fileRef = 534978722AAA1D3D006D43F9 /* ViewController.swift */; };
		534978762AAA1D3D006D43F9 /* Main.storyboard in Resources */ = {isa = PBXBuildFile; fileRef = 534978742AAA1D3D006D43F9 /* Main.storyboard */; };
		534978782AAA1D3E006D43F9 /* Assets.xcassets in Resources */ = {isa = PBXBuildFile; fileRef = 534978772AAA1D3E006D43F9 /* Assets.xcassets */; };
		5349787B2AAA1D3E006D43F9 /* LaunchScreen.storyboard in Resources */ = {isa = PBXBuildFile; fileRef = 534978792AAA1D3E006D43F9 /* LaunchScreen.storyboard */; };
		534978862AAA1D3E006D43F9 /* TechAccel2023Tests.swift in Sources */ = {isa = PBXBuildFile; fileRef = 534978852AAA1D3E006D43F9 /* TechAccel2023Tests.swift */; };
		534978902AAA1D3E006D43F9 /* TechAccel2023UITests.swift in Sources */ = {isa = PBXBuildFile; fileRef = 5349788F2AAA1D3E006D43F9 /* TechAccel2023UITests.swift */; };
		534978922AAA1D3E006D43F9 /* TechAccel2023UITestsLaunchTests.swift in Sources */ = {isa = PBXBuildFile; fileRef = 534978912AAA1D3E006D43F9 /* TechAccel2023UITestsLaunchTests.swift */; };
/* End PBXBuildFile section */

/* Begin PBXContainerItemProxy section */
		534978822AAA1D3E006D43F9 /* PBXContainerItemProxy */ = {
			isa = PBXContainerItemProxy;
			containerPortal = 534978632AAA1D3D006D43F9 /* Project object */;
			proxyType = 1;
			remoteGlobalIDString = 5349786A2AAA1D3D006D43F9;
			remoteInfo = TechAccel2023;
		};
		5349788C2AAA1D3E006D43F9 /* PBXContainerItemProxy */ = {
			isa = PBXContainerItemProxy;
			containerPortal = 534978632AAA1D3D006D43F9 /* Project object */;
			proxyType = 1;
			remoteGlobalIDString = 5349786A2AAA1D3D006D43F9;
			remoteInfo = TechAccel2023;
		};
/* End PBXContainerItemProxy section */

/* Begin PBXFileReference section */
		5349786B2AAA1D3D006D43F9 /* TechAccel2023.app */ = {isa = PBXFileReference; explicitFileType = wrapper.application; includeInIndex = 0; path = TechAccel2023.app; sourceTree = BUILT_PRODUCTS_DIR; };
		5349786E2AAA1D3D006D43F9 /* AppDelegate.swift */ = {isa = PBXFileReference; lastKnownFileType = sourcecode.swift; path = AppDelegate.swift; sourceTree = "<group>"; };
		534978702AAA1D3D006D43F9 /* SceneDelegate.swift */ = {isa = PBXFileReference; lastKnownFileType = sourcecode.swift; path = SceneDelegate.swift; sourceTree = "<group>"; };
		534978722AAA1D3D006D43F9 /* ViewController.swift */ = {isa = PBXFileReference; lastKnownFileType = sourcecode.swift; path = ViewController.swift; sourceTree = "<group>"; };
		534978752AAA1D3D006D43F9 /* Base */ = {isa = PBXFileReference; lastKnownFileType = file.storyboard; name = Base; path = Base.lproj/Main.storyboard; sourceTree = "<group>"; };
		534978772AAA1D3E006D43F9 /* Assets.xcassets */ = {isa = PBXFileReference; lastKnownFileType = folder.assetcatalog; path = Assets.xcassets; sourceTree = "<group>"; };
		5349787A2AAA1D3E006D43F9 /* Base */ = {isa = PBXFileReference; lastKnownFileType = file.storyboard; name = Base; path = Base.lproj/LaunchScreen.storyboard; sourceTree = "<group>"; };
		5349787C2AAA1D3E006D43F9 /* Info.plist */ = {isa = PBXFileReference; lastKnownFileType = text.plist.xml; path = Info.plist; sourceTree = "<group>"; };
		534978812AAA1D3E006D43F9 /* TechAccel2023Tests.xctest */ = {isa = PBXFileReference; explicitFileType = wrapper.cfbundle; includeInIndex = 0; path = TechAccel2023Tests.xctest; sourceTree = BUILT_PRODUCTS_DIR; };
		534978852AAA1D3E006D43F9 /* TechAccel2023Tests.swift */ = {isa = PBXFileReference; lastKnownFileType = sourcecode.swift; path = TechAccel2023Tests.swift; sourceTree = "<group>"; };
		5349788B2AAA1D3E006D43F9 /* TechAccel2023UITests.xctest */ = {isa = PBXFileReference; explicitFileType = wrapper.cfbundle; includeInIndex = 0; path = TechAccel2023UITests.xctest; sourceTree = BUILT_PRODUCTS_DIR; };
		5349788F2AAA1D3E006D43F9 /* TechAccel2023UITests.swift */ = {isa = PBXFileReference; lastKnownFileType = sourcecode.swift; path = TechAccel2023UITests.swift; sourceTree = "<group>"; };
		534978912AAA1D3E006D43F9 /* TechAccel2023UITestsLaunchTests.swift */ = {isa = PBXFileReference; lastKnownFileType = sourcecode.swift; path = TechAccel2023UITestsLaunchTests.swift; sourceTree = "<group>"; };
/* End PBXFileReference section */

/* Begin PBXFrameworksBuildPhase section */
		534978682AAA1D3D006D43F9 /* Frameworks */ = {
			isa = PBXFrameworksBuildPhase;
			buildActionMask = 2147483647;
			files = (
			);
			runOnlyForDeploymentPostprocessing = 0;
		};
		5349787E2AAA1D3E006D43F9 /* Frameworks */ = {
			isa = PBXFrameworksBuildPhase;
			buildActionMask = 2147483647;
			files = (
			);
			runOnlyForDeploymentPostprocessing = 0;
		};
		534978882AAA1D3E006D43F9 /* Frameworks */ = {
			isa = PBXFrameworksBuildPhase;
			buildActionMask = 2147483647;
			files = (
			);
			runOnlyForDeploymentPostprocessing = 0;
		};
/* End PBXFrameworksBuildPhase section */

/* Begin PBXGroup section */
		534978622AAA1D3D006D43F9 = {
			isa = PBXGroup;
			children = (
				5349786D2AAA1D3D006D43F9 /* TechAccel2023 */,
				534978842AAA1D3E006D43F9 /* TechAccel2023Tests */,
				5349788E2AAA1D3E006D43F9 /* TechAccel2023UITests */,
				5349786C2AAA1D3D006D43F9 /* Products */,
			);
			sourceTree = "<group>";
		};
		5349786C2AAA1D3D006D43F9 /* Products */ = {
			isa = PBXGroup;
			children = (
				5349786B2AAA1D3D006D43F9 /* TechAccel2023.app */,
				534978812AAA1D3E006D43F9 /* TechAccel2023Tests.xctest */,
				5349788B2AAA1D3E006D43F9 /* TechAccel2023UITests.xctest */,
			);
			name = Products;
			sourceTree = "<group>";
		};
		5349786D2AAA1D3D006D43F9 /* TechAccel2023 */ = {
			isa = PBXGroup;
			children = (
				5349786E2AAA1D3D006D43F9 /* AppDelegate.swift */,
				534978702AAA1D3D006D43F9 /* SceneDelegate.swift */,
				534978722AAA1D3D006D43F9 /* ViewController.swift */,
				534978742AAA1D3D006D43F9 /* Main.storyboard */,
				534978772AAA1D3E006D43F9 /* Assets.xcassets */,
				534978792AAA1D3E006D43F9 /* LaunchScreen.storyboard */,
				5349787C2AAA1D3E006D43F9 /* Info.plist */,
			);
			path = TechAccel2023;
			sourceTree = "<group>";
		};
		534978842AAA1D3E006D43F9 /* TechAccel2023Tests */ = {
			isa = PBXGroup;
			children = (
				534978852AAA1D3E006D43F9 /* TechAccel2023Tests.swift */,
			);
			path = TechAccel2023Tests;
			sourceTree = "<group>";
		};
		5349788E2AAA1D3E006D43F9 /* TechAccel2023UITests */ = {
			isa = PBXGroup;
			children = (
				5349788F2AAA1D3E006D43F9 /* TechAccel2023UITests.swift */,
				534978912AAA1D3E006D43F9 /* TechAccel2023UITestsLaunchTests.swift */,
			);
			path = TechAccel2023UITests;
			sourceTree = "<group>";
		};
/* End PBXGroup section */

/* Begin PBXNativeTarget section */
		5349786A2AAA1D3D006D43F9 /* TechAccel2023 */ = {
			isa = PBXNativeTarget;
			buildConfigurationList = 534978952AAA1D3E006D43F9 /* Build configuration list for PBXNativeTarget "TechAccel2023" */;
			buildPhases = (
				534978672AAA1D3D006D43F9 /* Sources */,
				534978682AAA1D3D006D43F9 /* Frameworks */,
				534978692AAA1D3D006D43F9 /* Resources */,
			);
			buildRules = (
			);
			dependencies = (
			);
			name = TechAccel2023;
			productName = TechAccel2023;
			productReference = 5349786B2AAA1D3D006D43F9 /* TechAccel2023.app */;
			productType = "com.apple.product-type.application";
		};
		534978802AAA1D3E006D43F9 /* TechAccel2023Tests */ = {
			isa = PBXNativeTarget;
			buildConfigurationList = 534978982AAA1D3E006D43F9 /* Build configuration list for PBXNativeTarget "TechAccel2023Tests" */;
			buildPhases = (
				5349787D2AAA1D3E006D43F9 /* Sources */,
				5349787E2AAA1D3E006D43F9 /* Frameworks */,
				5349787F2AAA1D3E006D43F9 /* Resources */,
			);
			buildRules = (
			);
			dependencies = (
				534978832AAA1D3E006D43F9 /* PBXTargetDependency */,
			);
			name = TechAccel2023Tests;
			productName = TechAccel2023Tests;
			productReference = 534978812AAA1D3E006D43F9 /* TechAccel2023Tests.xctest */;
			productType = "com.apple.product-type.bundle.unit-test";
		};
		5349788A2AAA1D3E006D43F9 /* TechAccel2023UITests */ = {
			isa = PBXNativeTarget;
			buildConfigurationList = 5349789B2AAA1D3E006D43F9 /* Build configuration list for PBXNativeTarget "TechAccel2023UITests" */;
			buildPhases = (
				534978872AAA1D3E006D43F9 /* Sources */,
				534978882AAA1D3E006D43F9 /* Frameworks */,
				534978892AAA1D3E006D43F9 /* Resources */,
			);
			buildRules = (
			);
			dependencies = (
				5349788D2AAA1D3E006D43F9 /* PBXTargetDependency */,
			);
			name = TechAccel2023UITests;
			productName = TechAccel2023UITests;
			productReference = 5349788B2AAA1D3E006D43F9 /* TechAccel2023UITests.xctest */;
			productType = "com.apple.product-type.bundle.ui-testing";
		};
/* End PBXNativeTarget section */

/* Begin PBXProject section */
		534978632AAA1D3D006D43F9 /* Project object */ = {
			isa = PBXProject;
			attributes = {
				BuildIndependentTargetsInParallel = 1;
				LastSwiftUpdateCheck = 1430;
				LastUpgradeCheck = 1430;
				TargetAttributes = {
					5349786A2AAA1D3D006D43F9 = {
						CreatedOnToolsVersion = 14.3;
					};
					534978802AAA1D3E006D43F9 = {
						CreatedOnToolsVersion = 14.3;
						TestTargetID = 5349786A2AAA1D3D006D43F9;
					};
					5349788A2AAA1D3E006D43F9 = {
						CreatedOnToolsVersion = 14.3;
						TestTargetID = 5349786A2AAA1D3D006D43F9;
					};
				};
			};
			buildConfigurationList = 534978662AAA1D3D006D43F9 /* Build configuration list for PBXProject "TechAccel2023" */;
			compatibilityVersion = "Xcode 14.0";
			developmentRegion = en;
			hasScannedForEncodings = 0;
			knownRegions = (
				en,
				Base,
			);
			mainGroup = 534978622AAA1D3D006D43F9;
			productRefGroup = 5349786C2AAA1D3D006D43F9 /* Products */;
			projectDirPath = "";
			projectRoot = "";
			targets = (
				5349786A2AAA1D3D006D43F9 /* TechAccel2023 */,
				534978802AAA1D3E006D43F9 /* TechAccel2023Tests */,
				5349788A2AAA1D3E006D43F9 /* TechAccel2023UITests */,
			);
		};
/* End PBXProject section */

/* Begin PBXResourcesBuildPhase section */
		534978692AAA1D3D006D43F9 /* Resources */ = {
			isa = PBXResourcesBuildPhase;
			buildActionMask = 2147483647;
			files = (
				5349787B2AAA1D3E006D43F9 /* LaunchScreen.storyboard in Resources */,
				534978782AAA1D3E006D43F9 /* Assets.xcassets in Resources */,
				534978762AAA1D3D006D43F9 /* Main.storyboard in Resources */,
			);
			runOnlyForDeploymentPostprocessing = 0;
		};
		5349787F2AAA1D3E006D43F9 /* Resources */ = {
			isa = PBXResourcesBuildPhase;
			buildActionMask = 2147483647;
			files = (
			);
			runOnlyForDeploymentPostprocessing = 0;
		};
		534978892AAA1D3E006D43F9 /* Resources */ = {
			isa = PBXResourcesBuildPhase;
			buildActionMask = 2147483647;
			files = (
			);
			runOnlyForDeploymentPostprocessing = 0;
		};
/* End PBXResourcesBuildPhase section */

/* Begin PBXSourcesBuildPhase section */
		534978672AAA1D3D006D43F9 /* Sources */ = {
			isa = PBXSourcesBuildPhase;
			buildActionMask = 2147483647;
			files = (
				534978732AAA1D3D006D43F9 /* ViewController.swift in Sources */,
				5349786F2AAA1D3D006D43F9 /* AppDelegate.swift in Sources */,
				534978712AAA1D3D006D43F9 /* SceneDelegate.swift in Sources */,
			);
			runOnlyForDeploymentPostprocessing = 0;
		};
		5349787D2AAA1D3E006D43F9 /* Sources */ = {
			isa = PBXSourcesBuildPhase;
			buildActionMask = 2147483647;
			files = (
				534978862AAA1D3E006D43F9 /* TechAccel2023Tests.swift in Sources */,
			);
			runOnlyForDeploymentPostprocessing = 0;
		};
		534978872AAA1D3E006D43F9 /* Sources */ = {
			isa = PBXSourcesBuildPhase;
			buildActionMask = 2147483647;
			files = (
				534978922AAA1D3E006D43F9 /* TechAccel2023UITestsLaunchTests.swift in Sources */,
				534978902AAA1D3E006D43F9 /* TechAccel2023UITests.swift in Sources */,
			);
			runOnlyForDeploymentPostprocessing = 0;
		};
/* End PBXSourcesBuildPhase section */

/* Begin PBXTargetDependency section */
		534978832AAA1D3E006D43F9 /* PBXTargetDependency */ = {
			isa = PBXTargetDependency;
			target = 5349786A2AAA1D3D006D43F9 /* TechAccel2023 */;
			targetProxy = 534978822AAA1D3E006D43F9 /* PBXContainerItemProxy */;
		};
		5349788D2AAA1D3E006D43F9 /* PBXTargetDependency */ = {
			isa = PBXTargetDependency;
			target = 5349786A2AAA1D3D006D43F9 /* TechAccel2023 */;
			targetProxy = 5349788C2AAA1D3E006D43F9 /* PBXContainerItemProxy */;
		};
/* End PBXTargetDependency section */

/* Begin PBXVariantGroup section */
		534978742AAA1D3D006D43F9 /* Main.storyboard */ = {
			isa = PBXVariantGroup;
			children = (
				534978752AAA1D3D006D43F9 /* Base */,
			);
			name = Main.storyboard;
			sourceTree = "<group>";
		};
		534978792AAA1D3E006D43F9 /* LaunchScreen.storyboard */ = {
			isa = PBXVariantGroup;
			children = (
				5349787A2AAA1D3E006D43F9 /* Base */,
			);
			name = LaunchScreen.storyboard;
			sourceTree = "<group>";
		};
/* End PBXVariantGroup section */

/* Begin XCBuildConfiguration section */
		534978932AAA1D3E006D43F9 /* Debug */ = {
			isa = XCBuildConfiguration;
			buildSettings = {
				ALWAYS_SEARCH_USER_PATHS = NO;
				CLANG_ANALYZER_NONNULL = YES;
				CLANG_ANALYZER_NUMBER_OBJECT_CONVERSION = YES_AGGRESSIVE;
				CLANG_CXX_LANGUAGE_STANDARD = "gnu++20";
				CLANG_ENABLE_MODULES = YES;
				CLANG_ENABLE_OBJC_ARC = YES;
				CLANG_ENABLE_OBJC_WEAK = YES;
				CLANG_WARN_BLOCK_CAPTURE_AUTORELEASING = YES;
				CLANG_WARN_BOOL_CONVERSION = YES;
				CLANG_WARN_COMMA = YES;
				CLANG_WARN_CONSTANT_CONVERSION = YES;
				CLANG_WARN_DEPRECATED_OBJC_IMPLEMENTATIONS = YES;
				CLANG_WARN_DIRECT_OBJC_ISA_USAGE = YES_ERROR;
				CLANG_WARN_DOCUMENTATION_COMMENTS = YES;
				CLANG_WARN_EMPTY_BODY = YES;
				CLANG_WARN_ENUM_CONVERSION = YES;
				CLANG_WARN_INFINITE_RECURSION = YES;
				CLANG_WARN_INT_CONVERSION = YES;
				CLANG_WARN_NON_LITERAL_NULL_CONVERSION = YES;
				CLANG_WARN_OBJC_IMPLICIT_RETAIN_SELF = YES;
				CLANG_WARN_OBJC_LITERAL_CONVERSION = YES;
				CLANG_WARN_OBJC_ROOT_CLASS = YES_ERROR;
				CLANG_WARN_QUOTED_INCLUDE_IN_FRAMEWORK_HEADER = YES;
				CLANG_WARN_RANGE_LOOP_ANALYSIS = YES;
				CLANG_WARN_STRICT_PROTOTYPES = YES;
				CLANG_WARN_SUSPICIOUS_MOVE = YES;
				CLANG_WARN_UNGUARDED_AVAILABILITY = YES_AGGRESSIVE;
				CLANG_WARN_UNREACHABLE_CODE = YES;
				CLANG_WARN__DUPLICATE_METHOD_MATCH = YES;
				COPY_PHASE_STRIP = NO;
				DEBUG_INFORMATION_FORMAT = dwarf;
				ENABLE_STRICT_OBJC_MSGSEND = YES;
				ENABLE_TESTABILITY = YES;
				GCC_C_LANGUAGE_STANDARD = gnu11;
				GCC_DYNAMIC_NO_PIC = NO;
				GCC_NO_COMMON_BLOCKS = YES;
				GCC_OPTIMIZATION_LEVEL = 0;
				GCC_PREPROCESSOR_DEFINITIONS = (
					"DEBUG=1",
					"$(inherited)",
				);
				GCC_WARN_64_TO_32_BIT_CONVERSION = YES;
				GCC_WARN_ABOUT_RETURN_TYPE = YES_ERROR;
				GCC_WARN_UNDECLARED_SELECTOR = YES;
				GCC_WARN_UNINITIALIZED_AUTOS = YES_AGGRESSIVE;
				GCC_WARN_UNUSED_FUNCTION = YES;
				GCC_WARN_UNUSED_VARIABLE = YES;
				IPHONEOS_DEPLOYMENT_TARGET = 16.4;
				MTL_ENABLE_DEBUG_INFO = INCLUDE_SOURCE;
				MTL_FAST_MATH = YES;
				ONLY_ACTIVE_ARCH = YES;
				SDKROOT = iphoneos;
				SWIFT_ACTIVE_COMPILATION_CONDITIONS = DEBUG;
				SWIFT_OPTIMIZATION_LEVEL = "-Onone";
			};
			name = Debug;
		};
		534978942AAA1D3E006D43F9 /* Release */ = {
			isa = XCBuildConfiguration;
			buildSettings = {
				ALWAYS_SEARCH_USER_PATHS = NO;
				CLANG_ANALYZER_NONNULL = YES;
				CLANG_ANALYZER_NUMBER_OBJECT_CONVERSION = YES_AGGRESSIVE;
				CLANG_CXX_LANGUAGE_STANDARD = "gnu++20";
				CLANG_ENABLE_MODULES = YES;
				CLANG_ENABLE_OBJC_ARC = YES;
				CLANG_ENABLE_OBJC_WEAK = YES;
				CLANG_WARN_BLOCK_CAPTURE_AUTORELEASING = YES;
				CLANG_WARN_BOOL_CONVERSION = YES;
				CLANG_WARN_COMMA = YES;
				CLANG_WARN_CONSTANT_CONVERSION = YES;
				CLANG_WARN_DEPRECATED_OBJC_IMPLEMENTATIONS = YES;
				CLANG_WARN_DIRECT_OBJC_ISA_USAGE = YES_ERROR;
				CLANG_WARN_DOCUMENTATION_COMMENTS = YES;
				CLANG_WARN_EMPTY_BODY = YES;
				CLANG_WARN_ENUM_CONVERSION = YES;
				CLANG_WARN_INFINITE_RECURSION = YES;
				CLANG_WARN_INT_CONVERSION = YES;
				CLANG_WARN_NON_LITERAL_NULL_CONVERSION = YES;
				CLANG_WARN_OBJC_IMPLICIT_RETAIN_SELF = YES;
				CLANG_WARN_OBJC_LITERAL_CONVERSION = YES;
				CLANG_WARN_OBJC_ROOT_CLASS = YES_ERROR;
				CLANG_WARN_QUOTED_INCLUDE_IN_FRAMEWORK_HEADER = YES;
				CLANG_WARN_RANGE_LOOP_ANALYSIS = YES;
				CLANG_WARN_STRICT_PROTOTYPES = YES;
				CLANG_WARN_SUSPICIOUS_MOVE = YES;
				CLANG_WARN_UNGUARDED_AVAILABILITY = YES_AGGRESSIVE;
				CLANG_WARN_UNREACHABLE_CODE = YES;
				CLANG_WARN__DUPLICATE_METHOD_MATCH = YES;
				COPY_PHASE_STRIP = NO;
				DEBUG_INFORMATION_FORMAT = "dwarf-with-dsym";
				ENABLE_NS_ASSERTIONS = NO;
				ENABLE_STRICT_OBJC_MSGSEND = YES;
				GCC_C_LANGUAGE_STANDARD = gnu11;
				GCC_NO_COMMON_BLOCKS = YES;
				GCC_WARN_64_TO_32_BIT_CONVERSION = YES;
				GCC_WARN_ABOUT_RETURN_TYPE = YES_ERROR;
				GCC_WARN_UNDECLARED_SELECTOR = YES;
				GCC_WARN_UNINITIALIZED_AUTOS = YES_AGGRESSIVE;
				GCC_WARN_UNUSED_FUNCTION = YES;
				GCC_WARN_UNUSED_VARIABLE = YES;
				IPHONEOS_DEPLOYMENT_TARGET = 16.4;
				MTL_ENABLE_DEBUG_INFO = NO;
				MTL_FAST_MATH = YES;
				SDKROOT = iphoneos;
				SWIFT_COMPILATION_MODE = wholemodule;
				SWIFT_OPTIMIZATION_LEVEL = "-O";
				VALIDATE_PRODUCT = YES;
			};
			name = Release;
		};
		534978962AAA1D3E006D43F9 /* Debug */ = {
			isa = XCBuildConfiguration;
			buildSettings = {
				ASSETCATALOG_COMPILER_APPICON_NAME = AppIcon;
				ASSETCATALOG_COMPILER_GLOBAL_ACCENT_COLOR_NAME = AccentColor;
				CODE_SIGN_STYLE = Automatic;
				CURRENT_PROJECT_VERSION = 1;
				DEVELOPMENT_TEAM = L496FTQGL3;
				GENERATE_INFOPLIST_FILE = YES;
				INFOPLIST_FILE = TechAccel2023/Info.plist;
				INFOPLIST_KEY_UIApplicationSupportsIndirectInputEvents = YES;
				INFOPLIST_KEY_UILaunchStoryboardName = LaunchScreen;
				INFOPLIST_KEY_UIMainStoryboardFile = Main;
				INFOPLIST_KEY_UISupportedInterfaceOrientations_iPad = "UIInterfaceOrientationPortrait UIInterfaceOrientationPortraitUpsideDown UIInterfaceOrientationLandscapeLeft UIInterfaceOrientationLandscapeRight";
				INFOPLIST_KEY_UISupportedInterfaceOrientations_iPhone = "UIInterfaceOrientationPortrait UIInterfaceOrientationLandscapeLeft UIInterfaceOrientationLandscapeRight";
				LD_RUNPATH_SEARCH_PATHS = (
					"$(inherited)",
					"@executable_path/Frameworks",
				);
				MARKETING_VERSION = 1.0;
				PRODUCT_BUNDLE_IDENTIFIER = com.accel.TechAccel2023;
				PRODUCT_NAME = "$(TARGET_NAME)";
				SWIFT_EMIT_LOC_STRINGS = YES;
				SWIFT_VERSION = 5.0;
				TARGETED_DEVICE_FAMILY = "1,2";
			};
			name = Debug;
		};
		534978972AAA1D3E006D43F9 /* Release */ = {
			isa = XCBuildConfiguration;
			buildSettings = {
				ASSETCATALOG_COMPILER_APPICON_NAME = AppIcon;
				ASSETCATALOG_COMPILER_GLOBAL_ACCENT_COLOR_NAME = AccentColor;
				CODE_SIGN_STYLE = Automatic;
				CURRENT_PROJECT_VERSION = 1;
				DEVELOPMENT_TEAM = L496FTQGL3;
				GENERATE_INFOPLIST_FILE = YES;
				INFOPLIST_FILE = TechAccel2023/Info.plist;
				INFOPLIST_KEY_UIApplicationSupportsIndirectInputEvents = YES;
				INFOPLIST_KEY_UILaunchStoryboardName = LaunchScreen;
				INFOPLIST_KEY_UIMainStoryboardFile = Main;
				INFOPLIST_KEY_UISupportedInterfaceOrientations_iPad = "UIInterfaceOrientationPortrait UIInterfaceOrientationPortraitUpsideDown UIInterfaceOrientationLandscapeLeft UIInterfaceOrientationLandscapeRight";
				INFOPLIST_KEY_UISupportedInterfaceOrientations_iPhone = "UIInterfaceOrientationPortrait UIInterfaceOrientationLandscapeLeft UIInterfaceOrientationLandscapeRight";
				LD_RUNPATH_SEARCH_PATHS = (
					"$(inherited)",
					"@executable_path/Frameworks",
				);
				MARKETING_VERSION = 1.0;
				PRODUCT_BUNDLE_IDENTIFIER = com.accel.TechAccel2023;
				PRODUCT_NAME = "$(TARGET_NAME)";
				SWIFT_EMIT_LOC_STRINGS = YES;
				SWIFT_VERSION = 5.0;
				TARGETED_DEVICE_FAMILY = "1,2";
			};
			name = Release;
		};
		534978992AAA1D3E006D43F9 /* Debug */ = {
			isa = XCBuildConfiguration;
			buildSettings = {
				ALWAYS_EMBED_SWIFT_STANDARD_LIBRARIES = YES;
				BUNDLE_LOADER = "$(TEST_HOST)";
				CODE_SIGN_STYLE = Automatic;
				CURRENT_PROJECT_VERSION = 1;
				DEVELOPMENT_TEAM = L496FTQGL3;
				GENERATE_INFOPLIST_FILE = YES;
				IPHONEOS_DEPLOYMENT_TARGET = 16.4;
				MARKETING_VERSION = 1.0;
				PRODUCT_BUNDLE_IDENTIFIER = com.accel.TechAccel2023Tests;
				PRODUCT_NAME = "$(TARGET_NAME)";
				SWIFT_EMIT_LOC_STRINGS = NO;
				SWIFT_VERSION = 5.0;
				TARGETED_DEVICE_FAMILY = "1,2";
				TEST_HOST = "$(BUILT_PRODUCTS_DIR)/TechAccel2023.app/$(BUNDLE_EXECUTABLE_FOLDER_PATH)/TechAccel2023";
			};
			name = Debug;
		};
		5349789A2AAA1D3E006D43F9 /* Release */ = {
			isa = XCBuildConfiguration;
			buildSettings = {
				ALWAYS_EMBED_SWIFT_STANDARD_LIBRARIES = YES;
				BUNDLE_LOADER = "$(TEST_HOST)";
				CODE_SIGN_STYLE = Automatic;
				CURRENT_PROJECT_VERSION = 1;
				DEVELOPMENT_TEAM = L496FTQGL3;
				GENERATE_INFOPLIST_FILE = YES;
				IPHONEOS_DEPLOYMENT_TARGET = 16.4;
				MARKETING_VERSION = 1.0;
				PRODUCT_BUNDLE_IDENTIFIER = com.accel.TechAccel2023Tests;
				PRODUCT_NAME = "$(TARGET_NAME)";
				SWIFT_EMIT_LOC_STRINGS = NO;
				SWIFT_VERSION = 5.0;
				TARGETED_DEVICE_FAMILY = "1,2";
				TEST_HOST = "$(BUILT_PRODUCTS_DIR)/TechAccel2023.app/$(BUNDLE_EXECUTABLE_FOLDER_PATH)/TechAccel2023";
			};
			name = Release;
		};
		5349789C2AAA1D3E006D43F9 /* Debug */ = {
			isa = XCBuildConfiguration;
			buildSettings = {
				ALWAYS_EMBED_SWIFT_STANDARD_LIBRARIES = YES;
				CODE_SIGN_STYLE = Automatic;
				CURRENT_PROJECT_VERSION = 1;
				DEVELOPMENT_TEAM = L496FTQGL3;
				GENERATE_INFOPLIST_FILE = YES;
				MARKETING_VERSION = 1.0;
				PRODUCT_BUNDLE_IDENTIFIER = com.accel.TechAccel2023UITests;
				PRODUCT_NAME = "$(TARGET_NAME)";
				SWIFT_EMIT_LOC_STRINGS = NO;
				SWIFT_VERSION = 5.0;
				TARGETED_DEVICE_FAMILY = "1,2";
				TEST_TARGET_NAME = TechAccel2023;
			};
			name = Debug;
		};
		5349789D2AAA1D3E006D43F9 /* Release */ = {
			isa = XCBuildConfiguration;
			buildSettings = {
				ALWAYS_EMBED_SWIFT_STANDARD_LIBRARIES = YES;
				CODE_SIGN_STYLE = Automatic;
				CURRENT_PROJECT_VERSION = 1;
				DEVELOPMENT_TEAM = L496FTQGL3;
				GENERATE_INFOPLIST_FILE = YES;
				MARKETING_VERSION = 1.0;
				PRODUCT_BUNDLE_IDENTIFIER = com.accel.TechAccel2023UITests;
				PRODUCT_NAME = "$(TARGET_NAME)";
				SWIFT_EMIT_LOC_STRINGS = NO;
				SWIFT_VERSION = 5.0;
				TARGETED_DEVICE_FAMILY = "1,2";
				TEST_TARGET_NAME = TechAccel2023;
			};
			name = Release;
		};
/* End XCBuildConfiguration section */

/* Begin XCConfigurationList section */
		534978662AAA1D3D006D43F9 /* Build configuration list for PBXProject "TechAccel2023" */ = {
			isa = XCConfigurationList;
			buildConfigurations = (
				534978932AAA1D3E006D43F9 /* Debug */,
				534978942AAA1D3E006D43F9 /* Release */,
			);
			defaultConfigurationIsVisible = 0;
			defaultConfigurationName = Release;
		};
		534978952AAA1D3E006D43F9 /* Build configuration list for PBXNativeTarget "TechAccel2023" */ = {
			isa = XCConfigurationList;
			buildConfigurations = (
				534978962AAA1D3E006D43F9 /* Debug */,
				534978972AAA1D3E006D43F9 /* Release */,
			);
			defaultConfigurationIsVisible = 0;
			defaultConfigurationName = Release;
		};
		534978982AAA1D3E006D43F9 /* Build configuration list for PBXNativeTarget "TechAccel2023Tests" */ = {
			isa = XCConfigurationList;
			buildConfigurations = (
				534978992AAA1D3E006D43F9 /* Debug */,
				5349789A2AAA1D3E006D43F9 /* Release */,
			);
			defaultConfigurationIsVisible = 0;
			defaultConfigurationName = Release;
		};
		5349789B2AAA1D3E006D43F9 /* Build configuration list for PBXNativeTarget "TechAccel2023UITests" */ = {
			isa = XCConfigurationList;
			buildConfigurations = (
				5349789C2AAA1D3E006D43F9 /* Debug */,
				5349789D2AAA1D3E006D43F9 /* Release */,
			);
			defaultConfigurationIsVisible = 0;
			defaultConfigurationName = Release;
		};
/* End XCConfigurationList section */
	};
	rootObject = 534978632AAA1D3D006D43F9 /* Project object */;
}
